{
  "name": "weird-json",
  "version": "2.0.2",
  "lockfileVersion": 1,
  "requires": true,
  "dependencies": {
    "decimal.js": {
      "version": "10.2.1",
      "resolved": "https://registry.npmjs.org/decimal.js/-/decimal.js-10.2.1.tgz",
      "integrity": "sha512-KaL7+6Fw6i5A2XSnsbhm/6B+NuEA7TZ4vqxnd5tXz9sbKtrN9Srj8ab4vKVdK8YAqZO9P1kg45Y6YLoduPf+kw=="
    },
    "esm": {
      "version": "3.2.25",
      "resolved": "https://registry.npmjs.org/esm/-/esm-3.2.25.tgz",
      "integrity": "sha512-U1suiZ2oDVWv4zPO56S0NcR5QriEahGtdN2OR6FiOG4WJvcjBVFB0qI4+eKoWFH483PKGuLuu6V8Z4T5g63UVA=="
    },
    "irradix": {
      "version": "1.0.12",
      "resolved": "https://registry.npmjs.org/irradix/-/irradix-1.0.12.tgz",
      "integrity": "sha512-8oJ/bI0K8K8bmDopKkBAdSO63cATYEsnYvYnJu0qAr7judfce9xAkLwx2AHZuycSyfD3v6CyvQZLoE1U7xIN4g==",
      "requires": {
        "decimal.js": "^10.2.1",
        "esm": "^3.2.25"
      }
    }
  }
}
