{
  "name": "weird-json",
  "version": "2.1.4",
  "lockfileVersion": 2,
  "requires": true,
  "packages": {
    "": {
      "name": "weird-json",
      "version": "2.1.4",
      "license": "Unlicense",
      "dependencies": {
        "irradix": "^1.1.0"
      }
    },
    "node_modules/decimal.js": {
      "version": "10.4.1",
      "resolved": "https://registry.npmjs.org/decimal.js/-/decimal.js-10.4.1.tgz",
      "integrity": "sha512-F29o+vci4DodHYT9UrR5IEbfBw9pE5eSapIJdTqXK5+6hq+t8VRxwQyKlW2i+KDKFkkJQRvFyI/QXD83h8LyQw=="
    },
    "node_modules/irradix": {
      "version": "1.1.1",
      "resolved": "https://registry.npmjs.org/irradix/-/irradix-1.1.1.tgz",
      "integrity": "sha512-cnCyN3mfQzpg8YQucml7gOiW3n9JCfNyUdO9bFrT92UiYQyuaO5F3EbSx3MoVOUCQfF482TcDfVCuFmDf+Xi8A==",
      "dependencies": {
        "decimal.js": "latest"
      }
    }
  },
  "dependencies": {
    "decimal.js": {
      "version": "10.4.1",
      "resolved": "https://registry.npmjs.org/decimal.js/-/decimal.js-10.4.1.tgz",
      "integrity": "sha512-F29o+vci4DodHYT9UrR5IEbfBw9pE5eSapIJdTqXK5+6hq+t8VRxwQyKlW2i+KDKFkkJQRvFyI/QXD83h8LyQw=="
    },
    "irradix": {
      "version": "1.1.1",
      "resolved": "https://registry.npmjs.org/irradix/-/irradix-1.1.1.tgz",
      "integrity": "sha512-cnCyN3mfQzpg8YQucml7gOiW3n9JCfNyUdO9bFrT92UiYQyuaO5F3EbSx3MoVOUCQfF482TcDfVCuFmDf+Xi8A==",
      "requires": {
        "decimal.js": "latest"
      }
    }
  }
}
