{
  "name": "json36",
  "version": "1.0.3",
  "lockfileVersion": 1,
  "requires": true,
  "dependencies": {
    "json46": {
      "version": "1.2.0",
      "resolved": "https://registry.npmjs.org/json46/-/json46-1.2.0.tgz",
      "integrity": "sha512-9ohoJgx1bXac6ArUflAUbYqaDD/EGtcuXaIqVO5ZY1K7iu3bucKTFI8J2Cd/cqpf35lmG6bM9cOpePEQdMf4BQ=="
    }
  }
}
