{
  "name": "json36",
  "version": "1.0.0",
  "lockfileVersion": 1,
  "requires": true,
  "dependencies": {
    "json43": {
      "version": "1.0.1",
      "resolved": "https://registry.npmjs.org/json43/-/json43-1.0.1.tgz",
      "integrity": "sha512-xHLRwOrEZzzXuvgBhICt2a3Z0hlrC0bCAFEca9CXKVvbYfS/QHmjvqRbfNE7UgEArdCKQe1hkOxlRj2jGz0kGw=="
    }
  }
}
