{
  "name": "json36",
  "version": "1.1.4",
  "lockfileVersion": 1,
  "requires": true,
  "dependencies": {
    "json36": {
      "version": "1.1.3",
      "resolved": "https://registry.npmjs.org/json36/-/json36-1.1.3.tgz",
      "integrity": "sha512-4y2KErSkbiEDlTPa1RScPTjRBMaSIoBGY3blx4gNCEKY9QbWD6Yuighplo8j9vhwuvY0/wlUWOOQjw0hPiA52Q==",
      "requires": {
        "json46": "^1.2.2"
      }
    },
    "json46": {
      "version": "1.2.4",
      "resolved": "https://registry.npmjs.org/json46/-/json46-1.2.4.tgz",
      "integrity": "sha512-Ym6KCSzTcOqBA1sOp9Z5vPP3onHh2XEmcL2Uu9ZCePKG7+jvs5Mw7Fi47+Otz/jxmnyVE4mipEQoB4dg/AEWNA==",
      "requires": {
        "json36": "^1.1.2"
      }
    }
  }
}
