{
  "name": "json46",
  "version": "1.2.4",
  "lockfileVersion": 1,
  "requires": true,
  "dependencies": {
    "json36": {
      "version": "1.1.2",
      "resolved": "https://registry.npmjs.org/json36/-/json36-1.1.2.tgz",
      "integrity": "sha512-Pwqntwsa2R6Vw/HJroRHW0F9ZSw2p6SqDyRb+RPThN88TaVBmrX0XWDWsTDFJafoz97iDxjqb9CbuEaWlS3oFw==",
      "requires": {
        "json46": "^1.2.0"
      }
    },
    "json46": {
      "version": "1.2.3",
      "resolved": "https://registry.npmjs.org/json46/-/json46-1.2.3.tgz",
      "integrity": "sha512-kFmBp2Z7mtlVXP+7ac5h1RzskPi499vIiuRXXXcV6qDSJ2z2bYl6Hi6u+6r9z4+2av8ke35LnSkXrdbXMyS72A==",
      "requires": {
        "json36": "^1.1.1"
      }
    }
  }
}
