{
  "name": "json46",
  "version": "1.2.2",
  "lockfileVersion": 1,
  "requires": true,
  "dependencies": {
    "json36": {
      "version": "1.1.1",
      "resolved": "https://registry.npmjs.org/json36/-/json36-1.1.1.tgz",
      "integrity": "sha512-yrmuQLH3AWAgzma1sjsZ7HVQclQA8QwamsKQzSHPmZD9B4j4r1xxfnZJpzYvIXLU2dRpTR62wbXNWb58ytAs6A==",
      "requires": {
        "json46": "^1.2.0"
      }
    },
    "json46": {
      "version": "1.2.2",
      "resolved": "https://registry.npmjs.org/json46/-/json46-1.2.2.tgz",
      "integrity": "sha512-51U7DgFmwy+TpDMgkJ9oGfC0cd/wCSesOeE+QQIdS0XP+H2bdWcoJ/8KR8fUdzCZA6ATVWgSVLjjfWBLGrSvug==",
      "requires": {
        "json36": "^1.1.1"
      }
    }
  }
}
